// !$*UTF8*$!
{
	archiveVersion = 1;
	classes = {
	};
	objectVersion = 46;
	objects = {

/* Begin PBXFileReference section */
		98BD4F721E2CCC960000B039 /* UIImage+SZSprite.h */ = {isa = PBXFileReference; lastKnownFileType = sourcecode.c.h; path = "UIImage+SZSprite.h"; sourceTree = "<group>"; };
		98BD4F731E2CCC960000B039 /* UIImage+SZSprite.m */ = {isa = PBXFileReference; lastKnownFileType = sourcecode.c.objc; path = "UIImage+SZSprite.m"; sourceTree = "<group>"; };
		98BD4F751E2CCC960000B039 /* SZCacheManager.h */ = {isa = PBXFileReference; lastKnownFileType = sourcecode.c.h; path = SZCacheManager.h; sourceTree = "<group>"; };
		98BD4F761E2CCC960000B039 /* SZCacheManager.m */ = {isa = PBXFileReference; lastKnownFileType = sourcecode.c.objc; path = SZCacheManager.m; sourceTree = "<group>"; };
		98BD4F771E2CCC960000B039 /* SZSpriteData.h */ = {isa = PBXFileReference; lastKnownFileType = sourcecode.c.h; path = SZSpriteData.h; sourceTree = "<group>"; };
		98BD4F781E2CCC960000B039 /* SZSpriteData.m */ = {isa = PBXFileReference; lastKnownFileType = sourcecode.c.objc; path = SZSpriteData.m; sourceTree = "<group>"; };
		98BD4F791E2CCC960000B039 /* SZSpriteReader.h */ = {isa = PBXFileReference; lastKnownFileType = sourcecode.c.h; path = SZSpriteReader.h; sourceTree = "<group>"; };
		98BD4F7A1E2CCC960000B039 /* SZSpriteReader.m */ = {isa = PBXFileReference; lastKnownFileType = sourcecode.c.objc; path = SZSpriteReader.m; sourceTree = "<group>"; };
/* End PBXFileReference section */

/* Begin PBXGroup section */
		98BD4F6A1E2CCC770000B039 = {
			isa = PBXGroup;
			children = (
				98BD4F711E2CCC960000B039 /* SZCategory */,
				98BD4F741E2CCC960000B039 /* SZTools */,
			);
			sourceTree = "<group>";
		};
		98BD4F711E2CCC960000B039 /* SZCategory */ = {
			isa = PBXGroup;
			children = (
				98BD4F721E2CCC960000B039 /* UIImage+SZSprite.h */,
				98BD4F731E2CCC960000B039 /* UIImage+SZSprite.m */,
			);
			path = SZCategory;
			sourceTree = "<group>";
		};
		98BD4F741E2CCC960000B039 /* SZTools */ = {
			isa = PBXGroup;
			children = (
				98BD4F751E2CCC960000B039 /* SZCacheManager.h */,
				98BD4F761E2CCC960000B039 /* SZCacheManager.m */,
				98BD4F771E2CCC960000B039 /* SZSpriteData.h */,
				98BD4F781E2CCC960000B039 /* SZSpriteData.m */,
				98BD4F791E2CCC960000B039 /* SZSpriteReader.h */,
				98BD4F7A1E2CCC960000B039 /* SZSpriteReader.m */,
			);
			path = SZTools;
			sourceTree = "<group>";
		};
/* End PBXGroup section */

/* Begin PBXProject section */
		98BD4F6B1E2CCC770000B039 /* Project object */ = {
			isa = PBXProject;
			attributes = {
				LastUpgradeCheck = 0820;
			};
			buildConfigurationList = 98BD4F6E1E2CCC770000B039 /* Build configuration list for PBXProject "SZTextureImage" */;
			compatibilityVersion = "Xcode 3.2";
			developmentRegion = English;
			hasScannedForEncodings = 0;
			knownRegions = (
				en,
			);
			mainGroup = 98BD4F6A1E2CCC770000B039;
			projectDirPath = "";
			projectRoot = "";
			targets = (
			);
		};
/* End PBXProject section */

/* Begin XCBuildConfiguration section */
		98BD4F6F1E2CCC770000B039 /* Debug */ = {
			isa = XCBuildConfiguration;
			buildSettings = {
			};
			name = Debug;
		};
		98BD4F701E2CCC770000B039 /* Release */ = {
			isa = XCBuildConfiguration;
			buildSettings = {
			};
			name = Release;
		};
/* End XCBuildConfiguration section */

/* Begin XCConfigurationList section */
		98BD4F6E1E2CCC770000B039 /* Build configuration list for PBXProject "SZTextureImage" */ = {
			isa = XCConfigurationList;
			buildConfigurations = (
				98BD4F6F1E2CCC770000B039 /* Debug */,
				98BD4F701E2CCC770000B039 /* Release */,
			);
			defaultConfigurationIsVisible = 0;
			defaultConfigurationName = Release;
		};
/* End XCConfigurationList section */
	};
	rootObject = 98BD4F6B1E2CCC770000B039 /* Project object */;
}
